
Microsoft Visual Studio Solution File, Format Version 12.00
# Visual Studio 15
VisualStudioVersion = 15.0.28307.572
MinimumVisualStudioVersion = 10.0.40219.1
Project("{FAE04EC0-301F-11D3-BF4B-00C04F79EFBC}") = "workshop5", "workshop5\workshop5.csproj", "{66DF0093-D55D-490D-BB4F-94F5286F6B05}"
EndProject
Global
	GlobalSection(SolutionConfigurationPlatforms) = preSolution
		Debug|Any CPU = Debug|Any CPU
		Release|Any CPU = Release|Any CPU
	EndGlobalSection
	GlobalSection(ProjectConfigurationPlatforms) = postSolution
		{66DF0093-D55D-490D-BB4F-94F5286F6B05}.Debug|Any CPU.ActiveCfg = Debug|Any CPU
		{66DF0093-D55D-490D-BB4F-94F5286F6B05}.Debug|Any CPU.Build.0 = Debug|Any CPU
		{66DF0093-D55D-490D-BB4F-94F5286F6B05}.Release|Any CPU.ActiveCfg = Release|Any CPU
		{66DF0093-D55D-490D-BB4F-94F5286F6B05}.Release|Any CPU.Build.0 = Release|Any CPU
	EndGlobalSection
	GlobalSection(SolutionProperties) = preSolution
		HideSolutionNode = FALSE
	EndGlobalSection
	GlobalSection(ExtensibilityGlobals) = postSolution
		SolutionGuid = {DB3685AB-F4BF-4147-9011-DB353DEF60C9}
	EndGlobalSection
EndGlobal
